// !$*UTF8*$!
{
	archiveVersion = 1;
	classes = {
	};
	objectVersion = 48;
	objects = {

/* Begin PBXBuildFile section */
		B958F119205A0A12000E4462 /* DiceRollViewController.swift in Sources */ = {isa = PBXBuildFile; fileRef = B958F118205A0A12000E4462 /* DiceRollViewController.swift */; };
		B958F11B205A71CA000E4462 /* die20.png in Resources */ = {isa = PBXBuildFile; fileRef = B958F11A205A71CA000E4462 /* die20.png */; };
		B984226E205E16E1005277B2 /* TwoPlayerVC.swift in Sources */ = {isa = PBXBuildFile; fileRef = B984226D205E16E1005277B2 /* TwoPlayerVC.swift */; };
		B9EA6DEC20380F0600616BB3 /* AppDelegate.swift in Sources */ = {isa = PBXBuildFile; fileRef = B9EA6DEB20380F0600616BB3 /* AppDelegate.swift */; };
		B9EA6DEE20380F0600616BB3 /* OnePlayerVC.swift in Sources */ = {isa = PBXBuildFile; fileRef = B9EA6DED20380F0600616BB3 /* OnePlayerVC.swift */; };
		B9EA6DF120380F0600616BB3 /* Main.storyboard in Resources */ = {isa = PBXBuildFile; fileRef = B9EA6DEF20380F0600616BB3 /* Main.storyboard */; };
		B9EA6DF320380F0600616BB3 /* Assets.xcassets in Resources */ = {isa = PBXBuildFile; fileRef = B9EA6DF220380F0600616BB3 /* Assets.xcassets */; };
		B9EA6DF620380F0600616BB3 /* LaunchScreen.storyboard in Resources */ = {isa = PBXBuildFile; fileRef = B9EA6DF420380F0600616BB3 /* LaunchScreen.storyboard */; };
		B9F0FFE42060A01A009AB9EE /* Animation.swift in Sources */ = {isa = PBXBuildFile; fileRef = B9F0FFE32060A01A009AB9EE /* Animation.swift */; };
		D8FAD0022038C3720085ACD6 /* Color.swift in Sources */ = {isa = PBXBuildFile; fileRef = D8FAD0012038C3720085ACD6 /* Color.swift */; };
/* End PBXBuildFile section */

/* Begin PBXFileReference section */
		B958F118205A0A12000E4462 /* DiceRollViewController.swift */ = {isa = PBXFileReference; lastKnownFileType = sourcecode.swift; path = DiceRollViewController.swift; sourceTree = "<group>"; };
		B958F11A205A71CA000E4462 /* die20.png */ = {isa = PBXFileReference; lastKnownFileType = image.png; path = die20.png; sourceTree = "<group>"; };
		B984226D205E16E1005277B2 /* TwoPlayerVC.swift */ = {isa = PBXFileReference; lastKnownFileType = sourcecode.swift; path = TwoPlayerVC.swift; sourceTree = "<group>"; };
		B984226F20606250005277B2 /* Magic-Counter-Lite.entitlements */ = {isa = PBXFileReference; lastKnownFileType = text.plist.entitlements; path = "Magic-Counter-Lite.entitlements"; sourceTree = "<group>"; };
		B9EA6DE820380F0600616BB3 /* Magic-Counter-Lite.app */ = {isa = PBXFileReference; explicitFileType = wrapper.application; includeInIndex = 0; path = "Magic-Counter-Lite.app"; sourceTree = BUILT_PRODUCTS_DIR; };
		B9EA6DEB20380F0600616BB3 /* AppDelegate.swift */ = {isa = PBXFileReference; lastKnownFileType = sourcecode.swift; path = AppDelegate.swift; sourceTree = "<group>"; };
		B9EA6DED20380F0600616BB3 /* OnePlayerVC.swift */ = {isa = PBXFileReference; lastKnownFileType = sourcecode.swift; path = OnePlayerVC.swift; sourceTree = "<group>"; };
		B9EA6DF020380F0600616BB3 /* Base */ = {isa = PBXFileReference; lastKnownFileType = file.storyboard; name = Base; path = Base.lproj/Main.storyboard; sourceTree = "<group>"; };
		B9EA6DF220380F0600616BB3 /* Assets.xcassets */ = {isa = PBXFileReference; lastKnownFileType = folder.assetcatalog; path = Assets.xcassets; sourceTree = "<group>"; };
		B9EA6DF520380F0600616BB3 /* Base */ = {isa = PBXFileReference; lastKnownFileType = file.storyboard; name = Base; path = Base.lproj/LaunchScreen.storyboard; sourceTree = "<group>"; };
		B9EA6DF720380F0600616BB3 /* Info.plist */ = {isa = PBXFileReference; lastKnownFileType = text.plist.xml; path = Info.plist; sourceTree = "<group>"; };
		B9F0FFE32060A01A009AB9EE /* Animation.swift */ = {isa = PBXFileReference; lastKnownFileType = sourcecode.swift; path = Animation.swift; sourceTree = "<group>"; };
		D8FAD0012038C3720085ACD6 /* Color.swift */ = {isa = PBXFileReference; lastKnownFileType = sourcecode.swift; path = Color.swift; sourceTree = "<group>"; };
/* End PBXFileReference section */

/* Begin PBXFrameworksBuildPhase section */
		B9EA6DE520380F0600616BB3 /* Frameworks */ = {
			isa = PBXFrameworksBuildPhase;
			buildActionMask = 2147483647;
			files = (
			);
			runOnlyForDeploymentPostprocessing = 0;
		};
/* End PBXFrameworksBuildPhase section */

/* Begin PBXGroup section */
		B9EA6DDF20380F0600616BB3 = {
			isa = PBXGroup;
			children = (
				B9EA6DEA20380F0600616BB3 /* Magic-Counter-Lite */,
				B9EA6DE920380F0600616BB3 /* Products */,
			);
			sourceTree = "<group>";
		};
		B9EA6DE920380F0600616BB3 /* Products */ = {
			isa = PBXGroup;
			children = (
				B9EA6DE820380F0600616BB3 /* Magic-Counter-Lite.app */,
			);
			name = Products;
			sourceTree = "<group>";
		};
		B9EA6DEA20380F0600616BB3 /* Magic-Counter-Lite */ = {
			isa = PBXGroup;
			children = (
				B984226F20606250005277B2 /* Magic-Counter-Lite.entitlements */,
				B9EA6DEB20380F0600616BB3 /* AppDelegate.swift */,
				B9EA6DED20380F0600616BB3 /* OnePlayerVC.swift */,
				B984226D205E16E1005277B2 /* TwoPlayerVC.swift */,
				B9F0FFE32060A01A009AB9EE /* Animation.swift */,
				B958F118205A0A12000E4462 /* DiceRollViewController.swift */,
				D8FAD0012038C3720085ACD6 /* Color.swift */,
				B9EA6DEF20380F0600616BB3 /* Main.storyboard */,
				B9EA6DF220380F0600616BB3 /* Assets.xcassets */,
				B958F11A205A71CA000E4462 /* die20.png */,
				B9EA6DF420380F0600616BB3 /* LaunchScreen.storyboard */,
				B9EA6DF720380F0600616BB3 /* Info.plist */,
			);
			path = "Magic-Counter-Lite";
			sourceTree = "<group>";
		};
/* End PBXGroup section */

/* Begin PBXNativeTarget section */
		B9EA6DE720380F0600616BB3 /* Magic-Counter-Lite */ = {
			isa = PBXNativeTarget;
			buildConfigurationList = B9EA6DFA20380F0600616BB3 /* Build configuration list for PBXNativeTarget "Magic-Counter-Lite" */;
			buildPhases = (
				B9EA6DE420380F0600616BB3 /* Sources */,
				B9EA6DE520380F0600616BB3 /* Frameworks */,
				B9EA6DE620380F0600616BB3 /* Resources */,
			);
			buildRules = (
			);
			dependencies = (
			);
			name = "Magic-Counter-Lite";
			productName = "Magic-Counter-Lite";
			productReference = B9EA6DE820380F0600616BB3 /* Magic-Counter-Lite.app */;
			productType = "com.apple.product-type.application";
		};
/* End PBXNativeTarget section */

/* Begin PBXProject section */
		B9EA6DE020380F0600616BB3 /* Project object */ = {
			isa = PBXProject;
			attributes = {
				LastSwiftUpdateCheck = 0920;
				LastUpgradeCheck = 0920;
				ORGANIZATIONNAME = "Phyllis Wong";
				TargetAttributes = {
					B9EA6DE720380F0600616BB3 = {
						CreatedOnToolsVersion = 9.2;
						ProvisioningStyle = Automatic;
						SystemCapabilities = {
							com.apple.BackgroundModes = {
								enabled = 1;
							};
							com.apple.Push = {
								enabled = 1;
							};
						};
					};
				};
			};
			buildConfigurationList = B9EA6DE320380F0600616BB3 /* Build configuration list for PBXProject "Magic-Counter-Lite" */;
			compatibilityVersion = "Xcode 8.0";
			developmentRegion = en;
			hasScannedForEncodings = 0;
			knownRegions = (
				en,
				Base,
			);
			mainGroup = B9EA6DDF20380F0600616BB3;
			productRefGroup = B9EA6DE920380F0600616BB3 /* Products */;
			projectDirPath = "";
			projectRoot = "";
			targets = (
				B9EA6DE720380F0600616BB3 /* Magic-Counter-Lite */,
			);
		};
/* End PBXProject section */

/* Begin PBXResourcesBuildPhase section */
		B9EA6DE620380F0600616BB3 /* Resources */ = {
			isa = PBXResourcesBuildPhase;
			buildActionMask = 2147483647;
			files = (
				B958F11B205A71CA000E4462 /* die20.png in Resources */,
				B9EA6DF620380F0600616BB3 /* LaunchScreen.storyboard in Resources */,
				B9EA6DF320380F0600616BB3 /* Assets.xcassets in Resources */,
				B9EA6DF120380F0600616BB3 /* Main.storyboard in Resources */,
			);
			runOnlyForDeploymentPostprocessing = 0;
		};
/* End PBXResourcesBuildPhase section */

/* Begin PBXSourcesBuildPhase section */
		B9EA6DE420380F0600616BB3 /* Sources */ = {
			isa = PBXSourcesBuildPhase;
			buildActionMask = 2147483647;
			files = (
				B958F119205A0A12000E4462 /* DiceRollViewController.swift in Sources */,
				B984226E205E16E1005277B2 /* TwoPlayerVC.swift in Sources */,
				B9EA6DEE20380F0600616BB3 /* OnePlayerVC.swift in Sources */,
				B9EA6DEC20380F0600616BB3 /* AppDelegate.swift in Sources */,
				B9F0FFE42060A01A009AB9EE /* Animation.swift in Sources */,
				D8FAD0022038C3720085ACD6 /* Color.swift in Sources */,
			);
			runOnlyForDeploymentPostprocessing = 0;
		};
/* End PBXSourcesBuildPhase section */

/* Begin PBXVariantGroup section */
		B9EA6DEF20380F0600616BB3 /* Main.storyboard */ = {
			isa = PBXVariantGroup;
			children = (
				B9EA6DF020380F0600616BB3 /* Base */,
			);
			name = Main.storyboard;
			sourceTree = "<group>";
		};
		B9EA6DF420380F0600616BB3 /* LaunchScreen.storyboard */ = {
			isa = PBXVariantGroup;
			children = (
				B9EA6DF520380F0600616BB3 /* Base */,
			);
			name = LaunchScreen.storyboard;
			sourceTree = "<group>";
		};
/* End PBXVariantGroup section */

/* Begin XCBuildConfiguration section */
		B9EA6DF820380F0600616BB3 /* Debug */ = {
			isa = XCBuildConfiguration;
			buildSettings = {
				ALWAYS_SEARCH_USER_PATHS = NO;
				CLANG_ANALYZER_NONNULL = YES;
				CLANG_ANALYZER_NUMBER_OBJECT_CONVERSION = YES_AGGRESSIVE;
				CLANG_CXX_LANGUAGE_STANDARD = "gnu++14";
				CLANG_CXX_LIBRARY = "libc++";
				CLANG_ENABLE_MODULES = YES;
				CLANG_ENABLE_OBJC_ARC = YES;
				CLANG_WARN_BLOCK_CAPTURE_AUTORELEASING = YES;
				CLANG_WARN_BOOL_CONVERSION = YES;
				CLANG_WARN_COMMA = YES;
				CLANG_WARN_CONSTANT_CONVERSION = YES;
				CLANG_WARN_DIRECT_OBJC_ISA_USAGE = YES_ERROR;
				CLANG_WARN_DOCUMENTATION_COMMENTS = YES;
				CLANG_WARN_EMPTY_BODY = YES;
				CLANG_WARN_ENUM_CONVERSION = YES;
				CLANG_WARN_INFINITE_RECURSION = YES;
				CLANG_WARN_INT_CONVERSION = YES;
				CLANG_WARN_NON_LITERAL_NULL_CONVERSION = YES;
				CLANG_WARN_OBJC_LITERAL_CONVERSION = YES;
				CLANG_WARN_OBJC_ROOT_CLASS = YES_ERROR;
				CLANG_WARN_RANGE_LOOP_ANALYSIS = YES;
				CLANG_WARN_STRICT_PROTOTYPES = YES;
				CLANG_WARN_SUSPICIOUS_MOVE = YES;
				CLANG_WARN_UNGUARDED_AVAILABILITY = YES_AGGRESSIVE;
				CLANG_WARN_UNREACHABLE_CODE = YES;
				CLANG_WARN__DUPLICATE_METHOD_MATCH = YES;
				CODE_SIGN_IDENTITY = "iPhone Developer";
				COPY_PHASE_STRIP = NO;
				DEBUG_INFORMATION_FORMAT = dwarf;
				ENABLE_STRICT_OBJC_MSGSEND = YES;
				ENABLE_TESTABILITY = YES;
				GCC_C_LANGUAGE_STANDARD = gnu11;
				GCC_DYNAMIC_NO_PIC = NO;
				GCC_NO_COMMON_BLOCKS = YES;
				GCC_OPTIMIZATION_LEVEL = 0;
				GCC_PREPROCESSOR_DEFINITIONS = (
					"DEBUG=1",
					"$(inherited)",
				);
				GCC_WARN_64_TO_32_BIT_CONVERSION = YES;
				GCC_WARN_ABOUT_RETURN_TYPE = YES_ERROR;
				GCC_WARN_UNDECLARED_SELECTOR = YES;
				GCC_WARN_UNINITIALIZED_AUTOS = YES_AGGRESSIVE;
				GCC_WARN_UNUSED_FUNCTION = YES;
				GCC_WARN_UNUSED_VARIABLE = YES;
				IPHONEOS_DEPLOYMENT_TARGET = 11.2;
				MTL_ENABLE_DEBUG_INFO = YES;
				ONLY_ACTIVE_ARCH = YES;
				SDKROOT = iphoneos;
				SWIFT_ACTIVE_COMPILATION_CONDITIONS = DEBUG;
				SWIFT_OPTIMIZATION_LEVEL = "-Onone";
			};
			name = Debug;
		};
		B9EA6DF920380F0600616BB3 /* Release */ = {
			isa = XCBuildConfiguration;
			buildSettings = {
				ALWAYS_SEARCH_USER_PATHS = NO;
				CLANG_ANALYZER_NONNULL = YES;
				CLANG_ANALYZER_NUMBER_OBJECT_CONVERSION = YES_AGGRESSIVE;
				CLANG_CXX_LANGUAGE_STANDARD = "gnu++14";
				CLANG_CXX_LIBRARY = "libc++";
				CLANG_ENABLE_MODULES = YES;
				CLANG_ENABLE_OBJC_ARC = YES;
				CLANG_WARN_BLOCK_CAPTURE_AUTORELEASING = YES;
				CLANG_WARN_BOOL_CONVERSION = YES;
				CLANG_WARN_COMMA = YES;
				CLANG_WARN_CONSTANT_CONVERSION = YES;
				CLANG_WARN_DIRECT_OBJC_ISA_USAGE = YES_ERROR;
				CLANG_WARN_DOCUMENTATION_COMMENTS = YES;
				CLANG_WARN_EMPTY_BODY = YES;
				CLANG_WARN_ENUM_CONVERSION = YES;
				CLANG_WARN_INFINITE_RECURSION = YES;
				CLANG_WARN_INT_CONVERSION = YES;
				CLANG_WARN_NON_LITERAL_NULL_CONVERSION = YES;
				CLANG_WARN_OBJC_LITERAL_CONVERSION = YES;
				CLANG_WARN_OBJC_ROOT_CLASS = YES_ERROR;
				CLANG_WARN_RANGE_LOOP_ANALYSIS = YES;
				CLANG_WARN_STRICT_PROTOTYPES = YES;
				CLANG_WARN_SUSPICIOUS_MOVE = YES;
				CLANG_WARN_UNGUARDED_AVAILABILITY = YES_AGGRESSIVE;
				CLANG_WARN_UNREACHABLE_CODE = YES;
				CLANG_WARN__DUPLICATE_METHOD_MATCH = YES;
				CODE_SIGN_IDENTITY = "iPhone Developer";
				COPY_PHASE_STRIP = NO;
				DEBUG_INFORMATION_FORMAT = "dwarf-with-dsym";
				ENABLE_NS_ASSERTIONS = NO;
				ENABLE_STRICT_OBJC_MSGSEND = YES;
				GCC_C_LANGUAGE_STANDARD = gnu11;
				GCC_NO_COMMON_BLOCKS = YES;
				GCC_WARN_64_TO_32_BIT_CONVERSION = YES;
				GCC_WARN_ABOUT_RETURN_TYPE = YES_ERROR;
				GCC_WARN_UNDECLARED_SELECTOR = YES;
				GCC_WARN_UNINITIALIZED_AUTOS = YES_AGGRESSIVE;
				GCC_WARN_UNUSED_FUNCTION = YES;
				GCC_WARN_UNUSED_VARIABLE = YES;
				IPHONEOS_DEPLOYMENT_TARGET = 11.2;
				MTL_ENABLE_DEBUG_INFO = NO;
				SDKROOT = iphoneos;
				SWIFT_OPTIMIZATION_LEVEL = "-Owholemodule";
				VALIDATE_PRODUCT = YES;
			};
			name = Release;
		};
		B9EA6DFB20380F0600616BB3 /* Debug */ = {
			isa = XCBuildConfiguration;
			buildSettings = {
				ASSETCATALOG_COMPILER_APPICON_NAME = AppIcon;
				CODE_SIGN_ENTITLEMENTS = "Magic-Counter-Lite/Magic-Counter-Lite.entitlements";
				CODE_SIGN_STYLE = Automatic;
				DEVELOPMENT_TEAM = S44SNCV32X;
				INFOPLIST_FILE = "Magic-Counter-Lite/Info.plist";
				LD_RUNPATH_SEARCH_PATHS = "$(inherited) @executable_path/Frameworks";
				PRODUCT_BUNDLE_IDENTIFIER = "com.phyllisApps.Magic-Counter-Lite";
				PRODUCT_NAME = "$(TARGET_NAME)";
				SWIFT_VERSION = 4.0;
				TARGETED_DEVICE_FAMILY = "1,2";
			};
			name = Debug;
		};
		B9EA6DFC20380F0600616BB3 /* Release */ = {
			isa = XCBuildConfiguration;
			buildSettings = {
				ASSETCATALOG_COMPILER_APPICON_NAME = AppIcon;
				CODE_SIGN_ENTITLEMENTS = "Magic-Counter-Lite/Magic-Counter-Lite.entitlements";
				CODE_SIGN_STYLE = Automatic;
				DEVELOPMENT_TEAM = S44SNCV32X;
				INFOPLIST_FILE = "Magic-Counter-Lite/Info.plist";
				LD_RUNPATH_SEARCH_PATHS = "$(inherited) @executable_path/Frameworks";
				PRODUCT_BUNDLE_IDENTIFIER = "com.phyllisApps.Magic-Counter-Lite";
				PRODUCT_NAME = "$(TARGET_NAME)";
				SWIFT_VERSION = 4.0;
				TARGETED_DEVICE_FAMILY = "1,2";
			};
			name = Release;
		};
/* End XCBuildConfiguration section */

/* Begin XCConfigurationList section */
		B9EA6DE320380F0600616BB3 /* Build configuration list for PBXProject "Magic-Counter-Lite" */ = {
			isa = XCConfigurationList;
			buildConfigurations = (
				B9EA6DF820380F0600616BB3 /* Debug */,
				B9EA6DF920380F0600616BB3 /* Release */,
			);
			defaultConfigurationIsVisible = 0;
			defaultConfigurationName = Release;
		};
		B9EA6DFA20380F0600616BB3 /* Build configuration list for PBXNativeTarget "Magic-Counter-Lite" */ = {
			isa = XCConfigurationList;
			buildConfigurations = (
				B9EA6DFB20380F0600616BB3 /* Debug */,
				B9EA6DFC20380F0600616BB3 /* Release */,
			);
			defaultConfigurationIsVisible = 0;
			defaultConfigurationName = Release;
		};
/* End XCConfigurationList section */
	};
	rootObject = B9EA6DE020380F0600616BB3 /* Project object */;
}
